
Microsoft Visual Studio Solution File, Format Version 12.00
# Visual Studio Version 17
VisualStudioVersion = 17.5.33414.496
MinimumVisualStudioVersion = 10.0.40219.1
Project("{FAE04EC0-301F-11D3-BF4B-00C04F79EFBC}") = "AcademiaAtos_Exercicio01", "AcademiaAtos_Exercicio01.csproj", "{90BB5A48-1565-4568-862F-27133FAAD8C0}"
EndProject
Global
	GlobalSection(SolutionConfigurationPlatforms) = preSolution
		Debug|Any CPU = Debug|Any CPU
		Release|Any CPU = Release|Any CPU
	EndGlobalSection
	GlobalSection(ProjectConfigurationPlatforms) = postSolution
		{90BB5A48-1565-4568-862F-27133FAAD8C0}.Debug|Any CPU.ActiveCfg = Debug|Any CPU
		{90BB5A48-1565-4568-862F-27133FAAD8C0}.Debug|Any CPU.Build.0 = Debug|Any CPU
		{90BB5A48-1565-4568-862F-27133FAAD8C0}.Release|Any CPU.ActiveCfg = Release|Any CPU
		{90BB5A48-1565-4568-862F-27133FAAD8C0}.Release|Any CPU.Build.0 = Release|Any CPU
	EndGlobalSection
	GlobalSection(SolutionProperties) = preSolution
		HideSolutionNode = FALSE
	EndGlobalSection
	GlobalSection(ExtensibilityGlobals) = postSolution
		SolutionGuid = {C9568949-2DD9-4A0D-8663-263F98427EDE}
	EndGlobalSection
EndGlobal
